
Microsoft Visual Studio Solution File, Format Version 12.00
# Visual Studio Version 16
VisualStudioVersion = 16.0.35425.106
MinimumVisualStudioVersion = 10.0.40219.1
Project("{FAE04EC0-301F-11D3-BF4B-00C04F79EFBC}") = "ParseCSFile", "ParseCSFile\ParseCSFile.csproj", "{0334CB13-3B11-4CD1-9C9D-F745297D7E93}"
EndProject
Global
	GlobalSection(SolutionConfigurationPlatforms) = preSolution
		Debug|Any CPU = Debug|Any CPU
		Release|Any CPU = Release|Any CPU
	EndGlobalSection
	GlobalSection(ProjectConfigurationPlatforms) = postSolution
		{0334CB13-3B11-4CD1-9C9D-F745297D7E93}.Debug|Any CPU.ActiveCfg = Debug|Any CPU
		{0334CB13-3B11-4CD1-9C9D-F745297D7E93}.Debug|Any CPU.Build.0 = Debug|Any CPU
		{0334CB13-3B11-4CD1-9C9D-F745297D7E93}.Release|Any CPU.ActiveCfg = Release|Any CPU
		{0334CB13-3B11-4CD1-9C9D-F745297D7E93}.Release|Any CPU.Build.0 = Release|Any CPU
	EndGlobalSection
	GlobalSection(SolutionProperties) = preSolution
		HideSolutionNode = FALSE
	EndGlobalSection
	GlobalSection(ExtensibilityGlobals) = postSolution
		SolutionGuid = {EB228DE8-4EEA-46D6-AFA5-24E83CA2A437}
	EndGlobalSection
EndGlobal
